
Microsoft Visual Studio Solution File, Format Version 12.00
# Visual Studio Version 17
VisualStudioVersion = 17.7.34031.279
MinimumVisualStudioVersion = 10.0.40219.1
Project("{9A19103F-16F7-4668-BE54-9A1E7A4F7556}") = "Domácí úkoly - 5. lekce - slovník", "Domácí úkoly - 5. lekce - slovník.csproj", "{82C608A7-BD32-44BA-8184-025359DA228A}"
EndProject
Global
	GlobalSection(SolutionConfigurationPlatforms) = preSolution
		Debug|Any CPU = Debug|Any CPU
		Release|Any CPU = Release|Any CPU
	EndGlobalSection
	GlobalSection(ProjectConfigurationPlatforms) = postSolution
		{82C608A7-BD32-44BA-8184-025359DA228A}.Debug|Any CPU.ActiveCfg = Debug|Any CPU
		{82C608A7-BD32-44BA-8184-025359DA228A}.Debug|Any CPU.Build.0 = Debug|Any CPU
		{82C608A7-BD32-44BA-8184-025359DA228A}.Release|Any CPU.ActiveCfg = Release|Any CPU
		{82C608A7-BD32-44BA-8184-025359DA228A}.Release|Any CPU.Build.0 = Release|Any CPU
	EndGlobalSection
	GlobalSection(SolutionProperties) = preSolution
		HideSolutionNode = FALSE
	EndGlobalSection
	GlobalSection(ExtensibilityGlobals) = postSolution
		SolutionGuid = {072C9A18-DCAB-436C-BFED-AAF1140E2497}
	EndGlobalSection
EndGlobal
